// !$*UTF8*$!
{
	archiveVersion = 1;
	classes = {
	};
	objectVersion = 46;
	objects = {

/* Begin PBXBuildFile section */
		FBD6F5861D2CAFE100B605D3 /* main.m in Sources */ = {isa = PBXBuildFile; fileRef = FBD6F5851D2CAFE100B605D3 /* main.m */; };
		FBD6F5891D2CAFE100B605D3 /* AppDelegate.m in Sources */ = {isa = PBXBuildFile; fileRef = FBD6F5881D2CAFE100B605D3 /* AppDelegate.m */; };
		FBD6F58C1D2CAFE100B605D3 /* ViewController.m in Sources */ = {isa = PBXBuildFile; fileRef = FBD6F58B1D2CAFE100B605D3 /* ViewController.m */; };
		FBD6F58F1D2CAFE100B605D3 /* Main.storyboard in Resources */ = {isa = PBXBuildFile; fileRef = FBD6F58D1D2CAFE100B605D3 /* Main.storyboard */; };
		FBD6F5911D2CAFE100B605D3 /* Assets.xcassets in Resources */ = {isa = PBXBuildFile; fileRef = FBD6F5901D2CAFE100B605D3 /* Assets.xcassets */; };
		FBD6F5941D2CAFE100B605D3 /* LaunchScreen.storyboard in Resources */ = {isa = PBXBuildFile; fileRef = FBD6F5921D2CAFE100B605D3 /* LaunchScreen.storyboard */; };
		FBD6F5A31D2CAFFB00B605D3 /* IndexRequestHandler.m in Sources */ = {isa = PBXBuildFile; fileRef = FBD6F5A21D2CAFFB00B605D3 /* IndexRequestHandler.m */; };
		FBD6F5A71D2CAFFB00B605D3 /* MKSpotlightIndex.appex in Embed App Extensions */ = {isa = PBXBuildFile; fileRef = FBD6F59F1D2CAFFB00B605D3 /* MKSpotlightIndex.appex */; settings = {ATTRIBUTES = (RemoveHeadersOnCopy, ); }; };
		FBD6F5AD1D2CD5C600B605D3 /* CoreSpotlight.framework in Frameworks */ = {isa = PBXBuildFile; fileRef = FBD6F5AC1D2CD5C600B605D3 /* CoreSpotlight.framework */; };
/* End PBXBuildFile section */

/* Begin PBXContainerItemProxy section */
		FBD6F5A51D2CAFFB00B605D3 /* PBXContainerItemProxy */ = {
			isa = PBXContainerItemProxy;
			containerPortal = FBD6F5791D2CAFE100B605D3 /* Project object */;
			proxyType = 1;
			remoteGlobalIDString = FBD6F59E1D2CAFFB00B605D3;
			remoteInfo = MKSpotlightIndex;
		};
/* End PBXContainerItemProxy section */

/* Begin PBXCopyFilesBuildPhase section */
		FBD6F5AB1D2CAFFB00B605D3 /* Embed App Extensions */ = {
			isa = PBXCopyFilesBuildPhase;
			buildActionMask = 2147483647;
			dstPath = "";
			dstSubfolderSpec = 13;
			files = (
				FBD6F5A71D2CAFFB00B605D3 /* MKSpotlightIndex.appex in Embed App Extensions */,
			);
			name = "Embed App Extensions";
			runOnlyForDeploymentPostprocessing = 0;
		};
/* End PBXCopyFilesBuildPhase section */

/* Begin PBXFileReference section */
		FBD6F5811D2CAFE100B605D3 /* MKSpotlightIndexExtension.app */ = {isa = PBXFileReference; explicitFileType = wrapper.application; includeInIndex = 0; path = MKSpotlightIndexExtension.app; sourceTree = BUILT_PRODUCTS_DIR; };
		FBD6F5851D2CAFE100B605D3 /* main.m */ = {isa = PBXFileReference; lastKnownFileType = sourcecode.c.objc; path = main.m; sourceTree = "<group>"; };
		FBD6F5871D2CAFE100B605D3 /* AppDelegate.h */ = {isa = PBXFileReference; lastKnownFileType = sourcecode.c.h; path = AppDelegate.h; sourceTree = "<group>"; };
		FBD6F5881D2CAFE100B605D3 /* AppDelegate.m */ = {isa = PBXFileReference; lastKnownFileType = sourcecode.c.objc; path = AppDelegate.m; sourceTree = "<group>"; };
		FBD6F58A1D2CAFE100B605D3 /* ViewController.h */ = {isa = PBXFileReference; lastKnownFileType = sourcecode.c.h; path = ViewController.h; sourceTree = "<group>"; };
		FBD6F58B1D2CAFE100B605D3 /* ViewController.m */ = {isa = PBXFileReference; lastKnownFileType = sourcecode.c.objc; path = ViewController.m; sourceTree = "<group>"; };
		FBD6F58E1D2CAFE100B605D3 /* Base */ = {isa = PBXFileReference; lastKnownFileType = file.storyboard; name = Base; path = Base.lproj/Main.storyboard; sourceTree = "<group>"; };
		FBD6F5901D2CAFE100B605D3 /* Assets.xcassets */ = {isa = PBXFileReference; lastKnownFileType = folder.assetcatalog; path = Assets.xcassets; sourceTree = "<group>"; };
		FBD6F5931D2CAFE100B605D3 /* Base */ = {isa = PBXFileReference; lastKnownFileType = file.storyboard; name = Base; path = Base.lproj/LaunchScreen.storyboard; sourceTree = "<group>"; };
		FBD6F5951D2CAFE100B605D3 /* Info.plist */ = {isa = PBXFileReference; lastKnownFileType = text.plist.xml; path = Info.plist; sourceTree = "<group>"; };
		FBD6F59F1D2CAFFB00B605D3 /* MKSpotlightIndex.appex */ = {isa = PBXFileReference; explicitFileType = "wrapper.app-extension"; includeInIndex = 0; path = MKSpotlightIndex.appex; sourceTree = BUILT_PRODUCTS_DIR; };
		FBD6F5A11D2CAFFB00B605D3 /* IndexRequestHandler.h */ = {isa = PBXFileReference; lastKnownFileType = sourcecode.c.h; path = IndexRequestHandler.h; sourceTree = "<group>"; };
		FBD6F5A21D2CAFFB00B605D3 /* IndexRequestHandler.m */ = {isa = PBXFileReference; lastKnownFileType = sourcecode.c.objc; path = IndexRequestHandler.m; sourceTree = "<group>"; };
		FBD6F5A41D2CAFFB00B605D3 /* Info.plist */ = {isa = PBXFileReference; lastKnownFileType = text.plist.xml; path = Info.plist; sourceTree = "<group>"; };
		FBD6F5AC1D2CD5C600B605D3 /* CoreSpotlight.framework */ = {isa = PBXFileReference; lastKnownFileType = wrapper.framework; name = CoreSpotlight.framework; path = System/Library/Frameworks/CoreSpotlight.framework; sourceTree = SDKROOT; };
/* End PBXFileReference section */

/* Begin PBXFrameworksBuildPhase section */
		FBD6F57E1D2CAFE100B605D3 /* Frameworks */ = {
			isa = PBXFrameworksBuildPhase;
			buildActionMask = 2147483647;
			files = (
			);
			runOnlyForDeploymentPostprocessing = 0;
		};
		FBD6F59C1D2CAFFB00B605D3 /* Frameworks */ = {
			isa = PBXFrameworksBuildPhase;
			buildActionMask = 2147483647;
			files = (
				FBD6F5AD1D2CD5C600B605D3 /* CoreSpotlight.framework in Frameworks */,
			);
			runOnlyForDeploymentPostprocessing = 0;
		};
/* End PBXFrameworksBuildPhase section */

/* Begin PBXGroup section */
		FBD6F5781D2CAFE100B605D3 = {
			isa = PBXGroup;
			children = (
				FBD6F5AC1D2CD5C600B605D3 /* CoreSpotlight.framework */,
				FBD6F5831D2CAFE100B605D3 /* MKSpotlightIndexExtension */,
				FBD6F5A01D2CAFFB00B605D3 /* MKSpotlightIndex */,
				FBD6F5821D2CAFE100B605D3 /* Products */,
			);
			sourceTree = "<group>";
		};
		FBD6F5821D2CAFE100B605D3 /* Products */ = {
			isa = PBXGroup;
			children = (
				FBD6F5811D2CAFE100B605D3 /* MKSpotlightIndexExtension.app */,
				FBD6F59F1D2CAFFB00B605D3 /* MKSpotlightIndex.appex */,
			);
			name = Products;
			sourceTree = "<group>";
		};
		FBD6F5831D2CAFE100B605D3 /* MKSpotlightIndexExtension */ = {
			isa = PBXGroup;
			children = (
				FBD6F5871D2CAFE100B605D3 /* AppDelegate.h */,
				FBD6F5881D2CAFE100B605D3 /* AppDelegate.m */,
				FBD6F58A1D2CAFE100B605D3 /* ViewController.h */,
				FBD6F58B1D2CAFE100B605D3 /* ViewController.m */,
				FBD6F58D1D2CAFE100B605D3 /* Main.storyboard */,
				FBD6F5901D2CAFE100B605D3 /* Assets.xcassets */,
				FBD6F5921D2CAFE100B605D3 /* LaunchScreen.storyboard */,
				FBD6F5951D2CAFE100B605D3 /* Info.plist */,
				FBD6F5841D2CAFE100B605D3 /* Supporting Files */,
			);
			path = MKSpotlightIndexExtension;
			sourceTree = "<group>";
		};
		FBD6F5841D2CAFE100B605D3 /* Supporting Files */ = {
			isa = PBXGroup;
			children = (
				FBD6F5851D2CAFE100B605D3 /* main.m */,
			);
			name = "Supporting Files";
			sourceTree = "<group>";
		};
		FBD6F5A01D2CAFFB00B605D3 /* MKSpotlightIndex */ = {
			isa = PBXGroup;
			children = (
				FBD6F5A11D2CAFFB00B605D3 /* IndexRequestHandler.h */,
				FBD6F5A21D2CAFFB00B605D3 /* IndexRequestHandler.m */,
				FBD6F5A41D2CAFFB00B605D3 /* Info.plist */,
			);
			path = MKSpotlightIndex;
			sourceTree = "<group>";
		};
/* End PBXGroup section */

/* Begin PBXNativeTarget section */
		FBD6F5801D2CAFE100B605D3 /* MKSpotlightIndexExtension */ = {
			isa = PBXNativeTarget;
			buildConfigurationList = FBD6F5981D2CAFE100B605D3 /* Build configuration list for PBXNativeTarget "MKSpotlightIndexExtension" */;
			buildPhases = (
				FBD6F57D1D2CAFE100B605D3 /* Sources */,
				FBD6F57E1D2CAFE100B605D3 /* Frameworks */,
				FBD6F57F1D2CAFE100B605D3 /* Resources */,
				FBD6F5AB1D2CAFFB00B605D3 /* Embed App Extensions */,
			);
			buildRules = (
			);
			dependencies = (
				FBD6F5A61D2CAFFB00B605D3 /* PBXTargetDependency */,
			);
			name = MKSpotlightIndexExtension;
			productName = MKSpotlightIndexExtension;
			productReference = FBD6F5811D2CAFE100B605D3 /* MKSpotlightIndexExtension.app */;
			productType = "com.apple.product-type.application";
		};
		FBD6F59E1D2CAFFB00B605D3 /* MKSpotlightIndex */ = {
			isa = PBXNativeTarget;
			buildConfigurationList = FBD6F5A81D2CAFFB00B605D3 /* Build configuration list for PBXNativeTarget "MKSpotlightIndex" */;
			buildPhases = (
				FBD6F59B1D2CAFFB00B605D3 /* Sources */,
				FBD6F59C1D2CAFFB00B605D3 /* Frameworks */,
				FBD6F59D1D2CAFFB00B605D3 /* Resources */,
			);
			buildRules = (
			);
			dependencies = (
			);
			name = MKSpotlightIndex;
			productName = MKSpotlightIndex;
			productReference = FBD6F59F1D2CAFFB00B605D3 /* MKSpotlightIndex.appex */;
			productType = "com.apple.product-type.app-extension";
		};
/* End PBXNativeTarget section */

/* Begin PBXProject section */
		FBD6F5791D2CAFE100B605D3 /* Project object */ = {
			isa = PBXProject;
			attributes = {
				LastUpgradeCheck = 0730;
				ORGANIZATIONNAME = Donlinks;
				TargetAttributes = {
					FBD6F5801D2CAFE100B605D3 = {
						CreatedOnToolsVersion = 7.3.1;
					};
					FBD6F59E1D2CAFFB00B605D3 = {
						CreatedOnToolsVersion = 7.3.1;
					};
				};
			};
			buildConfigurationList = FBD6F57C1D2CAFE100B605D3 /* Build configuration list for PBXProject "MKSpotlightIndexExtension" */;
			compatibilityVersion = "Xcode 3.2";
			developmentRegion = English;
			hasScannedForEncodings = 0;
			knownRegions = (
				en,
				Base,
			);
			mainGroup = FBD6F5781D2CAFE100B605D3;
			productRefGroup = FBD6F5821D2CAFE100B605D3 /* Products */;
			projectDirPath = "";
			projectRoot = "";
			targets = (
				FBD6F5801D2CAFE100B605D3 /* MKSpotlightIndexExtension */,
				FBD6F59E1D2CAFFB00B605D3 /* MKSpotlightIndex */,
			);
		};
/* End PBXProject section */

/* Begin PBXResourcesBuildPhase section */
		FBD6F57F1D2CAFE100B605D3 /* Resources */ = {
			isa = PBXResourcesBuildPhase;
			buildActionMask = 2147483647;
			files = (
				FBD6F5941D2CAFE100B605D3 /* LaunchScreen.storyboard in Resources */,
				FBD6F5911D2CAFE100B605D3 /* Assets.xcassets in Resources */,
				FBD6F58F1D2CAFE100B605D3 /* Main.storyboard in Resources */,
			);
			runOnlyForDeploymentPostprocessing = 0;
		};
		FBD6F59D1D2CAFFB00B605D3 /* Resources */ = {
			isa = PBXResourcesBuildPhase;
			buildActionMask = 2147483647;
			files = (
			);
			runOnlyForDeploymentPostprocessing = 0;
		};
/* End PBXResourcesBuildPhase section */

/* Begin PBXSourcesBuildPhase section */
		FBD6F57D1D2CAFE100B605D3 /* Sources */ = {
			isa = PBXSourcesBuildPhase;
			buildActionMask = 2147483647;
			files = (
				FBD6F58C1D2CAFE100B605D3 /* ViewController.m in Sources */,
				FBD6F5891D2CAFE100B605D3 /* AppDelegate.m in Sources */,
				FBD6F5861D2CAFE100B605D3 /* main.m in Sources */,
			);
			runOnlyForDeploymentPostprocessing = 0;
		};
		FBD6F59B1D2CAFFB00B605D3 /* Sources */ = {
			isa = PBXSourcesBuildPhase;
			buildActionMask = 2147483647;
			files = (
				FBD6F5A31D2CAFFB00B605D3 /* IndexRequestHandler.m in Sources */,
			);
			runOnlyForDeploymentPostprocessing = 0;
		};
/* End PBXSourcesBuildPhase section */

/* Begin PBXTargetDependency section */
		FBD6F5A61D2CAFFB00B605D3 /* PBXTargetDependency */ = {
			isa = PBXTargetDependency;
			target = FBD6F59E1D2CAFFB00B605D3 /* MKSpotlightIndex */;
			targetProxy = FBD6F5A51D2CAFFB00B605D3 /* PBXContainerItemProxy */;
		};
/* End PBXTargetDependency section */

/* Begin PBXVariantGroup section */
		FBD6F58D1D2CAFE100B605D3 /* Main.storyboard */ = {
			isa = PBXVariantGroup;
			children = (
				FBD6F58E1D2CAFE100B605D3 /* Base */,
			);
			name = Main.storyboard;
			sourceTree = "<group>";
		};
		FBD6F5921D2CAFE100B605D3 /* LaunchScreen.storyboard */ = {
			isa = PBXVariantGroup;
			children = (
				FBD6F5931D2CAFE100B605D3 /* Base */,
			);
			name = LaunchScreen.storyboard;
			sourceTree = "<group>";
		};
/* End PBXVariantGroup section */

/* Begin XCBuildConfiguration section */
		FBD6F5961D2CAFE100B605D3 /* Debug */ = {
			isa = XCBuildConfiguration;
			buildSettings = {
				ALWAYS_SEARCH_USER_PATHS = NO;
				CLANG_ANALYZER_NONNULL = YES;
				CLANG_CXX_LANGUAGE_STANDARD = "gnu++0x";
				CLANG_CXX_LIBRARY = "libc++";
				CLANG_ENABLE_MODULES = YES;
				CLANG_ENABLE_OBJC_ARC = YES;
				CLANG_WARN_BOOL_CONVERSION = YES;
				CLANG_WARN_CONSTANT_CONVERSION = YES;
				CLANG_WARN_DIRECT_OBJC_ISA_USAGE = YES_ERROR;
				CLANG_WARN_EMPTY_BODY = YES;
				CLANG_WARN_ENUM_CONVERSION = YES;
				CLANG_WARN_INT_CONVERSION = YES;
				CLANG_WARN_OBJC_ROOT_CLASS = YES_ERROR;
				CLANG_WARN_UNREACHABLE_CODE = YES;
				CLANG_WARN__DUPLICATE_METHOD_MATCH = YES;
				"CODE_SIGN_IDENTITY[sdk=iphoneos*]" = "iPhone Developer";
				COPY_PHASE_STRIP = NO;
				DEBUG_INFORMATION_FORMAT = dwarf;
				ENABLE_STRICT_OBJC_MSGSEND = YES;
				ENABLE_TESTABILITY = YES;
				GCC_C_LANGUAGE_STANDARD = gnu99;
				GCC_DYNAMIC_NO_PIC = NO;
				GCC_NO_COMMON_BLOCKS = YES;
				GCC_OPTIMIZATION_LEVEL = 0;
				GCC_PREPROCESSOR_DEFINITIONS = (
					"DEBUG=1",
					"$(inherited)",
				);
				GCC_WARN_64_TO_32_BIT_CONVERSION = YES;
				GCC_WARN_ABOUT_RETURN_TYPE = YES_ERROR;
				GCC_WARN_UNDECLARED_SELECTOR = YES;
				GCC_WARN_UNINITIALIZED_AUTOS = YES_AGGRESSIVE;
				GCC_WARN_UNUSED_FUNCTION = YES;
				GCC_WARN_UNUSED_VARIABLE = YES;
				IPHONEOS_DEPLOYMENT_TARGET = 9.3;
				MTL_ENABLE_DEBUG_INFO = YES;
				ONLY_ACTIVE_ARCH = YES;
				SDKROOT = iphoneos;
			};
			name = Debug;
		};
		FBD6F5971D2CAFE100B605D3 /* Release */ = {
			isa = XCBuildConfiguration;
			buildSettings = {
				ALWAYS_SEARCH_USER_PATHS = NO;
				CLANG_ANALYZER_NONNULL = YES;
				CLANG_CXX_LANGUAGE_STANDARD = "gnu++0x";
				CLANG_CXX_LIBRARY = "libc++";
				CLANG_ENABLE_MODULES = YES;
				CLANG_ENABLE_OBJC_ARC = YES;
				CLANG_WARN_BOOL_CONVERSION = YES;
				CLANG_WARN_CONSTANT_CONVERSION = YES;
				CLANG_WARN_DIRECT_OBJC_ISA_USAGE = YES_ERROR;
				CLANG_WARN_EMPTY_BODY = YES;
				CLANG_WARN_ENUM_CONVERSION = YES;
				CLANG_WARN_INT_CONVERSION = YES;
				CLANG_WARN_OBJC_ROOT_CLASS = YES_ERROR;
				CLANG_WARN_UNREACHABLE_CODE = YES;
				CLANG_WARN__DUPLICATE_METHOD_MATCH = YES;
				"CODE_SIGN_IDENTITY[sdk=iphoneos*]" = "iPhone Developer";
				COPY_PHASE_STRIP = NO;
				DEBUG_INFORMATION_FORMAT = "dwarf-with-dsym";
				ENABLE_NS_ASSERTIONS = NO;
				ENABLE_STRICT_OBJC_MSGSEND = YES;
				GCC_C_LANGUAGE_STANDARD = gnu99;
				GCC_NO_COMMON_BLOCKS = YES;
				GCC_WARN_64_TO_32_BIT_CONVERSION = YES;
				GCC_WARN_ABOUT_RETURN_TYPE = YES_ERROR;
				GCC_WARN_UNDECLARED_SELECTOR = YES;
				GCC_WARN_UNINITIALIZED_AUTOS = YES_AGGRESSIVE;
				GCC_WARN_UNUSED_FUNCTION = YES;
				GCC_WARN_UNUSED_VARIABLE = YES;
				IPHONEOS_DEPLOYMENT_TARGET = 9.3;
				MTL_ENABLE_DEBUG_INFO = NO;
				SDKROOT = iphoneos;
				VALIDATE_PRODUCT = YES;
			};
			name = Release;
		};
		FBD6F5991D2CAFE100B605D3 /* Debug */ = {
			isa = XCBuildConfiguration;
			buildSettings = {
				ASSETCATALOG_COMPILER_APPICON_NAME = AppIcon;
				INFOPLIST_FILE = MKSpotlightIndexExtension/Info.plist;
				LD_RUNPATH_SEARCH_PATHS = "$(inherited) @executable_path/Frameworks";
				PRODUCT_BUNDLE_IDENTIFIER = com.donlinks.MKSpotlightIndexExtension;
				PRODUCT_NAME = "$(TARGET_NAME)";
			};
			name = Debug;
		};
		FBD6F59A1D2CAFE100B605D3 /* Release */ = {
			isa = XCBuildConfiguration;
			buildSettings = {
				ASSETCATALOG_COMPILER_APPICON_NAME = AppIcon;
				INFOPLIST_FILE = MKSpotlightIndexExtension/Info.plist;
				LD_RUNPATH_SEARCH_PATHS = "$(inherited) @executable_path/Frameworks";
				PRODUCT_BUNDLE_IDENTIFIER = com.donlinks.MKSpotlightIndexExtension;
				PRODUCT_NAME = "$(TARGET_NAME)";
			};
			name = Release;
		};
		FBD6F5A91D2CAFFB00B605D3 /* Debug */ = {
			isa = XCBuildConfiguration;
			buildSettings = {
				INFOPLIST_FILE = MKSpotlightIndex/Info.plist;
				LD_RUNPATH_SEARCH_PATHS = "$(inherited) @executable_path/Frameworks @executable_path/../../Frameworks";
				PRODUCT_BUNDLE_IDENTIFIER = com.donlinks.MKSpotlightIndexExtension.MKSpotlightIndex;
				PRODUCT_NAME = "$(TARGET_NAME)";
				SKIP_INSTALL = YES;
			};
			name = Debug;
		};
		FBD6F5AA1D2CAFFB00B605D3 /* Release */ = {
			isa = XCBuildConfiguration;
			buildSettings = {
				INFOPLIST_FILE = MKSpotlightIndex/Info.plist;
				LD_RUNPATH_SEARCH_PATHS = "$(inherited) @executable_path/Frameworks @executable_path/../../Frameworks";
				PRODUCT_BUNDLE_IDENTIFIER = com.donlinks.MKSpotlightIndexExtension.MKSpotlightIndex;
				PRODUCT_NAME = "$(TARGET_NAME)";
				SKIP_INSTALL = YES;
			};
			name = Release;
		};
/* End XCBuildConfiguration section */

/* Begin XCConfigurationList section */
		FBD6F57C1D2CAFE100B605D3 /* Build configuration list for PBXProject "MKSpotlightIndexExtension" */ = {
			isa = XCConfigurationList;
			buildConfigurations = (
				FBD6F5961D2CAFE100B605D3 /* Debug */,
				FBD6F5971D2CAFE100B605D3 /* Release */,
			);
			defaultConfigurationIsVisible = 0;
			defaultConfigurationName = Release;
		};
		FBD6F5981D2CAFE100B605D3 /* Build configuration list for PBXNativeTarget "MKSpotlightIndexExtension" */ = {
			isa = XCConfigurationList;
			buildConfigurations = (
				FBD6F5991D2CAFE100B605D3 /* Debug */,
				FBD6F59A1D2CAFE100B605D3 /* Release */,
			);
			defaultConfigurationIsVisible = 0;
		};
		FBD6F5A81D2CAFFB00B605D3 /* Build configuration list for PBXNativeTarget "MKSpotlightIndex" */ = {
			isa = XCConfigurationList;
			buildConfigurations = (
				FBD6F5A91D2CAFFB00B605D3 /* Debug */,
				FBD6F5AA1D2CAFFB00B605D3 /* Release */,
			);
			defaultConfigurationIsVisible = 0;
		};
/* End XCConfigurationList section */
	};
	rootObject = FBD6F5791D2CAFE100B605D3 /* Project object */;
}
